{
    "hash": "f08e705cc7f889d09ecf444c019aecf4",
    "packages": [
        {
            "name": "madcatme/collection",
            "version": "dev-master",
            "source": {
                "type": "git",
                "url": "https://github.com/MadCatme/Collection.git",
                "reference": "bfabc4d9fb41113f74822c2a951bfc5e9a6c1035"
            },
            "dist": {
                "type": "zip",
                "url": "https://github.com/MadCatme/Collection/archive/bfabc4d9fb41113f74822c2a951bfc5e9a6c1035.zip",
                "reference": "bfabc4d9fb41113f74822c2a951bfc5e9a6c1035",
                "shasum": ""
            },
            "require": {
                "php": ">=5.3.0"
            },
            "time": "2013-01-24 22:07:18",
            "type": "library",
            "autoload": {
                "psr-0": {
                    "Collection": "src"
                }
            },
            "notification-url": "http://packagist.org/downloads/",
            "license": [
                "MIT"
            ],
            "authors": [
                {
                    "name": "David Henning",
                    "email": "madcat.me@gmail.com",
                    "homepage": "http://webcodr.de",
                    "role": "Developer"
                }
            ],
            "description": "Collection library for PHP",
            "homepage": "https://github.com/MadCatme/mongoappkit",
            "keywords": [
                "array",
                "collection"
            ]
        },
        {
            "name": "phpseclib/phpseclib",
            "version": "dev-master",
            "source": {
                "type": "git",
                "url": "https://github.com/phpseclib/phpseclib",
                "reference": "45976002c70cf6b532f21d65b2876ee724de3095"
            },
            "dist": {
                "type": "zip",
                "url": "https://github.com/phpseclib/phpseclib/archive/45976002c70cf6b532f21d65b2876ee724de3095.zip",
                "reference": "45976002c70cf6b532f21d65b2876ee724de3095",
                "shasum": ""
            },
            "require": {
                "php": ">=5.0.0"
            },
            "suggest": {
                "ext-mcrypt": "Install the Mcrypt extension in order to speed up a wide variety of cryptographic operations.",
                "ext-gmp": "Install the GMP (GNU Multiple Precision) extension in order to speed up arbitrary precision integer arithmetic operations.",
                "pear-pear/PHP_Compat": "Install PHP_Compat to get phpseclib working on PHP >= 4.3.3."
            },
            "time": "2013-01-21 06:57:43",
            "type": "library",
            "autoload": {
                "psr-0": {
                    "Crypt": "phpseclib/",
                    "File": "phpseclib/",
                    "Math": "phpseclib/",
                    "Net": "phpseclib/"
                }
            },
            "notification-url": "http://packagist.org/downloads/",
            "include-path": [
                "phpseclib/"
            ],
            "license": [
                "MIT"
            ],
            "authors": [
                {
                    "name": "Jim Wigginton",
                    "email": "terrafrost@php.net",
                    "role": "Developer"
                }
            ],
            "description": "PHP Secure Communications Library - Pure-PHP implementations of RSA, AES, SSH2, SFTP, X.509 etc.",
            "homepage": "http://phpseclib.sourceforge.net",
            "keywords": [
                "security",
                "cryptography",
                "ssh",
                "encryption",
                "crypto",
                "signature",
                "signing",
                "rsa",
                "aes",
                "sftp",
                "x509",
                "x.509",
                "asn1",
                "asn.1",
                "BigInteger"
            ]
        },
        {
            "name": "pimple/pimple",
            "version": "dev-master",
            "source": {
                "type": "git",
                "url": "git://github.com/fabpot/Pimple.git",
                "reference": "d58cec632dfdd3305d6b4f2563a5cf2a75b4d978"
            },
            "dist": {
                "type": "zip",
                "url": "https://github.com/fabpot/Pimple/archive/d58cec632dfdd3305d6b4f2563a5cf2a75b4d978.zip",
                "reference": "d58cec632dfdd3305d6b4f2563a5cf2a75b4d978",
                "shasum": ""
            },
            "require": {
                "php": ">=5.3.0"
            },
            "time": "2013-01-07 10:39:26",
            "type": "library",
            "extra": {
                "branch-alias": {
                    "dev-master": "1.0.x-dev"
                }
            },
            "autoload": {
                "psr-0": {
                    "Pimple": "lib/"
                }
            },
            "notification-url": "http://packagist.org/downloads/",
            "license": [
                "MIT"
            ],
            "authors": [
                {
                    "name": "Fabien Potencier",
                    "email": "fabien@symfony.com"
                }
            ],
            "description": "Pimple is a simple Dependency Injection Container for PHP 5.3",
            "homepage": "http://pimple.sensiolabs.org",
            "keywords": [
                "dependency injection",
                "container"
            ]
        },
        {
            "name": "psr/log",
            "version": "1.0.0",
            "source": {
                "type": "git",
                "url": "https://github.com/php-fig/log",
                "reference": "1.0.0"
            },
            "dist": {
                "type": "zip",
                "url": "https://github.com/php-fig/log/archive/1.0.0.zip",
                "reference": "1.0.0",
                "shasum": ""
            },
            "time": "2012-12-21 11:40:51",
            "type": "library",
            "autoload": {
                "psr-0": {
                    "Psr\\Log\\": ""
                }
            },
            "notification-url": "http://packagist.org/downloads/",
            "license": [
                "MIT"
            ],
            "authors": [
                {
                    "name": "PHP-FIG",
                    "homepage": "http://www.php-fig.org/"
                }
            ],
            "description": "Common interface for logging libraries",
            "keywords": [
                "log",
                "psr",
                "psr-3"
            ]
        },
        {
            "name": "silex/silex",
            "version": "dev-master",
            "source": {
                "type": "git",
                "url": "git://github.com/fabpot/Silex.git",
                "reference": "f7a8956f96e991f86a5fc4811876bef76e3a4e25"
            },
            "dist": {
                "type": "zip",
                "url": "https://github.com/fabpot/Silex/archive/f7a8956f96e991f86a5fc4811876bef76e3a4e25.zip",
                "reference": "f7a8956f96e991f86a5fc4811876bef76e3a4e25",
                "shasum": ""
            },
            "require": {
                "php": ">=5.3.3",
                "pimple/pimple": "1.*",
                "symfony/event-dispatcher": ">=2.1,<2.3-dev",
                "symfony/http-foundation": ">=2.1,<2.3-dev",
                "symfony/http-kernel": ">=2.1,<2.3-dev",
                "symfony/routing": ">=2.1,<2.3-dev"
            },
            "require-dev": {
                "twig/twig": ">=1.8.0,<2.0-dev",
                "swiftmailer/swiftmailer": "4.2.*",
                "doctrine/dbal": ">=2.2.0,<2.4.0-dev",
                "symfony/security": ">=2.1,<2.3-dev",
                "symfony/config": ">=2.1,<2.3-dev",
                "symfony/locale": ">=2.1,<2.3-dev",
                "symfony/form": ">=2.1,<2.3-dev",
                "symfony/browser-kit": ">=2.1,<2.3-dev",
                "symfony/css-selector": ">=2.1,<2.3-dev",
                "symfony/finder": ">=2.1,<2.3-dev",
                "symfony/monolog-bridge": ">=2.1,<2.3-dev",
                "symfony/process": ">=2.1,<2.3-dev",
                "symfony/translation": ">=2.1,<2.3-dev",
                "symfony/twig-bridge": ">=2.1,<2.3-dev",
                "symfony/validator": ">=2.1,<2.3-dev",
                "symfony/serializer": ">=2.1,<2.3-dev",
                "symfony/dom-crawler": ">=2.1,<2.3-dev",
                "symfony/options-resolver": ">=2.1,<2.3-dev"
            },
            "suggest": {
                "symfony/browser-kit": ">=2.1,<2.3-dev",
                "symfony/css-selector": ">=2.1,<2.3-dev",
                "symfony/dom-crawler": ">=2.1,<2.3-dev"
            },
            "time": "2013-01-24 12:18:41",
            "type": "library",
            "extra": {
                "branch-alias": {
                    "dev-master": "1.0.x-dev"
                }
            },
            "autoload": {
                "psr-0": {
                    "Silex": "src/"
                }
            },
            "notification-url": "http://packagist.org/downloads/",
            "license": [
                "MIT"
            ],
            "authors": [
                {
                    "name": "Fabien Potencier",
                    "email": "fabien@symfony.com"
                },
                {
                    "name": "Igor Wiedler",
                    "email": "igor@wiedler.ch",
                    "homepage": "http://wiedler.ch/igor/"
                }
            ],
            "description": "The PHP micro-framework based on the Symfony2 Components",
            "homepage": "http://silex.sensiolabs.org",
            "keywords": [
                "microframework"
            ]
        },
        {
            "name": "symfony/event-dispatcher",
            "version": "dev-master",
            "target-dir": "Symfony/Component/EventDispatcher",
            "source": {
                "type": "git",
                "url": "https://github.com/symfony/EventDispatcher",
                "reference": "v2.2.0-BETA2"
            },
            "dist": {
                "type": "zip",
                "url": "https://github.com/symfony/EventDispatcher/archive/v2.2.0-BETA2.zip",
                "reference": "v2.2.0-BETA2",
                "shasum": ""
            },
            "require": {
                "php": ">=5.3.3"
            },
            "require-dev": {
                "symfony/dependency-injection": "2.2.*"
            },
            "suggest": {
                "symfony/dependency-injection": "2.2.*",
                "symfony/http-kernel": "2.2.*"
            },
            "time": "2013-01-17 15:25:59",
            "type": "library",
            "extra": {
                "branch-alias": {
                    "dev-master": "2.2-dev"
                }
            },
            "autoload": {
                "psr-0": {
                    "Symfony\\Component\\EventDispatcher\\": ""
                }
            },
            "notification-url": "http://packagist.org/downloads/",
            "license": [
                "MIT"
            ],
            "authors": [
                {
                    "name": "Fabien Potencier",
                    "email": "fabien@symfony.com"
                },
                {
                    "name": "Symfony Community",
                    "homepage": "http://symfony.com/contributors"
                }
            ],
            "description": "Symfony EventDispatcher Component",
            "homepage": "http://symfony.com"
        },
        {
            "name": "symfony/http-foundation",
            "version": "dev-master",
            "target-dir": "Symfony/Component/HttpFoundation",
            "source": {
                "type": "git",
                "url": "https://github.com/symfony/HttpFoundation",
                "reference": "v2.2.0-BETA2"
            },
            "dist": {
                "type": "zip",
                "url": "https://github.com/symfony/HttpFoundation/archive/v2.2.0-BETA2.zip",
                "reference": "v2.2.0-BETA2",
                "shasum": ""
            },
            "require": {
                "php": ">=5.3.3"
            },
            "time": "2013-01-21 16:56:55",
            "type": "library",
            "extra": {
                "branch-alias": {
                    "dev-master": "2.2-dev"
                }
            },
            "autoload": {
                "psr-0": {
                    "Symfony\\Component\\HttpFoundation\\": ""
                },
                "classmap": [
                    "Symfony/Component/HttpFoundation/Resources/stubs"
                ]
            },
            "notification-url": "http://packagist.org/downloads/",
            "license": [
                "MIT"
            ],
            "authors": [
                {
                    "name": "Fabien Potencier",
                    "email": "fabien@symfony.com"
                },
                {
                    "name": "Symfony Community",
                    "homepage": "http://symfony.com/contributors"
                }
            ],
            "description": "Symfony HttpFoundation Component",
            "homepage": "http://symfony.com"
        },
        {
            "name": "symfony/http-kernel",
            "version": "dev-master",
            "target-dir": "Symfony/Component/HttpKernel",
            "source": {
                "type": "git",
                "url": "https://github.com/symfony/HttpKernel",
                "reference": "82fce0a7efbb692166ef98381646929cbed4ab73"
            },
            "dist": {
                "type": "zip",
                "url": "https://github.com/symfony/HttpKernel/archive/82fce0a7efbb692166ef98381646929cbed4ab73.zip",
                "reference": "82fce0a7efbb692166ef98381646929cbed4ab73",
                "shasum": ""
            },
            "require": {
                "php": ">=5.3.3",
                "symfony/event-dispatcher": "2.2.*",
                "symfony/http-foundation": "2.2.*",
                "psr/log": ">=1.0,<2.0"
            },
            "require-dev": {
                "symfony/browser-kit": "2.2.*",
                "symfony/class-loader": "2.2.*",
                "symfony/config": "2.2.*",
                "symfony/console": "2.2.*",
                "symfony/dependency-injection": "2.2.*",
                "symfony/finder": "2.2.*",
                "symfony/process": "2.2.*",
                "symfony/routing": "2.2.*",
                "symfony/stopwatch": "2.2.*"
            },
            "suggest": {
                "symfony/browser-kit": "2.2.*",
                "symfony/class-loader": "2.2.*",
                "symfony/config": "2.2.*",
                "symfony/console": "2.2.*",
                "symfony/dependency-injection": "2.2.*",
                "symfony/finder": "2.2.*"
            },
            "time": "2013-01-24 08:14:41",
            "type": "library",
            "extra": {
                "branch-alias": {
                    "dev-master": "2.2-dev"
                }
            },
            "autoload": {
                "psr-0": {
                    "Symfony\\Component\\HttpKernel\\": ""
                }
            },
            "notification-url": "http://packagist.org/downloads/",
            "license": [
                "MIT"
            ],
            "authors": [
                {
                    "name": "Fabien Potencier",
                    "email": "fabien@symfony.com"
                },
                {
                    "name": "Symfony Community",
                    "homepage": "http://symfony.com/contributors"
                }
            ],
            "description": "Symfony HttpKernel Component",
            "homepage": "http://symfony.com"
        },
        {
            "name": "symfony/routing",
            "version": "dev-master",
            "target-dir": "Symfony/Component/Routing",
            "source": {
                "type": "git",
                "url": "https://github.com/symfony/Routing",
                "reference": "v2.2.0-BETA2"
            },
            "dist": {
                "type": "zip",
                "url": "https://github.com/symfony/Routing/archive/v2.2.0-BETA2.zip",
                "reference": "v2.2.0-BETA2",
                "shasum": ""
            },
            "require": {
                "php": ">=5.3.3"
            },
            "require-dev": {
                "doctrine/common": ">=2.2,<2.4-dev",
                "symfony/config": "2.2.*",
                "symfony/yaml": "2.2.*",
                "symfony/http-kernel": "2.2.*",
                "psr/log": ">=1.0,<2.0"
            },
            "suggest": {
                "doctrine/common": ">=2.2,<2.4-dev",
                "symfony/config": "2.2.*",
                "symfony/yaml": "2.2.*"
            },
            "time": "2013-01-21 16:57:32",
            "type": "library",
            "extra": {
                "branch-alias": {
                    "dev-master": "2.2-dev"
                }
            },
            "autoload": {
                "psr-0": {
                    "Symfony\\Component\\Routing\\": ""
                }
            },
            "notification-url": "http://packagist.org/downloads/",
            "license": [
                "MIT"
            ],
            "authors": [
                {
                    "name": "Fabien Potencier",
                    "email": "fabien@symfony.com"
                },
                {
                    "name": "Symfony Community",
                    "homepage": "http://symfony.com/contributors"
                }
            ],
            "description": "Symfony Routing Component",
            "homepage": "http://symfony.com"
        },
        {
            "name": "twig/twig",
            "version": "v1.9.2",
            "source": {
                "type": "git",
                "url": "git://github.com/fabpot/Twig.git",
                "reference": "v1.9.2"
            },
            "dist": {
                "type": "zip",
                "url": "https://github.com/fabpot/Twig/zipball/v1.9.2",
                "reference": "v1.9.2",
                "shasum": ""
            },
            "require": {
                "php": ">=5.2.4"
            },
            "time": "2012-08-25 10:32:57",
            "type": "library",
            "extra": {
                "branch-alias": {
                    "dev-master": "1.9-dev"
                }
            },
            "autoload": {
                "psr-0": {
                    "Twig_": "lib/"
                }
            },
            "license": [
                "BSD-3"
            ],
            "authors": [
                {
                    "name": "Fabien Potencier",
                    "email": "fabien@symfony.com"
                },
                {
                    "name": "Armin Ronacher",
                    "email": "armin.ronacher@active-4.com"
                }
            ],
            "description": "Twig, the flexible, fast, and secure template language for PHP",
            "homepage": "http://twig.sensiolabs.org",
            "keywords": [
                "templating"
            ]
        }
    ],
    "packages-dev": null,
    "aliases": [

    ],
    "minimum-stability": "dev",
    "stability-flags": [

    ]
}
